// !$*UTF8*$!
{
	archiveVersion = 1;
	classes = {
	};
	objectVersion = 56;
	objects = {

/* Begin PBXBuildFile section */
		F4D1B3322970122800E0073C /* AppDelegate.swift in Sources */ = {isa = PBXBuildFile; fileRef = F4D1B3312970122800E0073C /* AppDelegate.swift */; };
		F4D1B3342970122800E0073C /* SceneDelegate.swift in Sources */ = {isa = PBXBuildFile; fileRef = F4D1B3332970122800E0073C /* SceneDelegate.swift */; };
		F4D1B3362970122800E0073C /* ViewController.swift in Sources */ = {isa = PBXBuildFile; fileRef = F4D1B3352970122800E0073C /* ViewController.swift */; };
		F4D1B3392970122800E0073C /* Main.storyboard in Resources */ = {isa = PBXBuildFile; fileRef = F4D1B3372970122800E0073C /* Main.storyboard */; };
		F4D1B33B2970122900E0073C /* Assets.xcassets in Resources */ = {isa = PBXBuildFile; fileRef = F4D1B33A2970122900E0073C /* Assets.xcassets */; };
		F4D1B33E2970122900E0073C /* LaunchScreen.storyboard in Resources */ = {isa = PBXBuildFile; fileRef = F4D1B33C2970122900E0073C /* LaunchScreen.storyboard */; };
		F4D1B3472970124900E0073C /* UIFont+Ext.swift in Sources */ = {isa = PBXBuildFile; fileRef = F4D1B3462970124900E0073C /* UIFont+Ext.swift */; };
		F4D1B3492970127D00E0073C /* NewsTableViewCell.swift in Sources */ = {isa = PBXBuildFile; fileRef = F4D1B3482970127D00E0073C /* NewsTableViewCell.swift */; };
		F4D1B34B2970129A00E0073C /* NewsTableViewController.swift in Sources */ = {isa = PBXBuildFile; fileRef = F4D1B34A2970129A00E0073C /* NewsTableViewController.swift */; };
		F4D1B34D2970134400E0073C /* FeedParser.swift in Sources */ = {isa = PBXBuildFile; fileRef = F4D1B34C2970134400E0073C /* FeedParser.swift */; };
/* End PBXBuildFile section */

/* Begin PBXFileReference section */
		F4D1B32E2970122800E0073C /* Chapter 26.app */ = {isa = PBXFileReference; explicitFileType = wrapper.application; includeInIndex = 0; path = "Chapter 26.app"; sourceTree = BUILT_PRODUCTS_DIR; };
		F4D1B3312970122800E0073C /* AppDelegate.swift */ = {isa = PBXFileReference; lastKnownFileType = sourcecode.swift; path = AppDelegate.swift; sourceTree = "<group>"; };
		F4D1B3332970122800E0073C /* SceneDelegate.swift */ = {isa = PBXFileReference; lastKnownFileType = sourcecode.swift; path = SceneDelegate.swift; sourceTree = "<group>"; };
		F4D1B3352970122800E0073C /* ViewController.swift */ = {isa = PBXFileReference; lastKnownFileType = sourcecode.swift; path = ViewController.swift; sourceTree = "<group>"; };
		F4D1B3382970122800E0073C /* Base */ = {isa = PBXFileReference; lastKnownFileType = file.storyboard; name = Base; path = Base.lproj/Main.storyboard; sourceTree = "<group>"; };
		F4D1B33A2970122900E0073C /* Assets.xcassets */ = {isa = PBXFileReference; lastKnownFileType = folder.assetcatalog; path = Assets.xcassets; sourceTree = "<group>"; };
		F4D1B33D2970122900E0073C /* Base */ = {isa = PBXFileReference; lastKnownFileType = file.storyboard; name = Base; path = Base.lproj/LaunchScreen.storyboard; sourceTree = "<group>"; };
		F4D1B33F2970122900E0073C /* Info.plist */ = {isa = PBXFileReference; lastKnownFileType = text.plist.xml; path = Info.plist; sourceTree = "<group>"; };
		F4D1B3462970124900E0073C /* UIFont+Ext.swift */ = {isa = PBXFileReference; lastKnownFileType = sourcecode.swift; path = "UIFont+Ext.swift"; sourceTree = "<group>"; };
		F4D1B3482970127D00E0073C /* NewsTableViewCell.swift */ = {isa = PBXFileReference; lastKnownFileType = sourcecode.swift; path = NewsTableViewCell.swift; sourceTree = "<group>"; };
		F4D1B34A2970129A00E0073C /* NewsTableViewController.swift */ = {isa = PBXFileReference; lastKnownFileType = sourcecode.swift; path = NewsTableViewController.swift; sourceTree = "<group>"; };
		F4D1B34C2970134400E0073C /* FeedParser.swift */ = {isa = PBXFileReference; lastKnownFileType = sourcecode.swift; path = FeedParser.swift; sourceTree = "<group>"; };
/* End PBXFileReference section */

/* Begin PBXFrameworksBuildPhase section */
		F4D1B32B2970122800E0073C /* Frameworks */ = {
			isa = PBXFrameworksBuildPhase;
			buildActionMask = 2147483647;
			files = (
			);
			runOnlyForDeploymentPostprocessing = 0;
		};
/* End PBXFrameworksBuildPhase section */

/* Begin PBXGroup section */
		F4D1B3252970122800E0073C = {
			isa = PBXGroup;
			children = (
				F4D1B3302970122800E0073C /* Chapter 26 */,
				F4D1B32F2970122800E0073C /* Products */,
			);
			sourceTree = "<group>";
		};
		F4D1B32F2970122800E0073C /* Products */ = {
			isa = PBXGroup;
			children = (
				F4D1B32E2970122800E0073C /* Chapter 26.app */,
			);
			name = Products;
			sourceTree = "<group>";
		};
		F4D1B3302970122800E0073C /* Chapter 26 */ = {
			isa = PBXGroup;
			children = (
				F4D1B3452970123B00E0073C /* Extension */,
				F4D1B3312970122800E0073C /* AppDelegate.swift */,
				F4D1B3332970122800E0073C /* SceneDelegate.swift */,
				F4D1B3352970122800E0073C /* ViewController.swift */,
				F4D1B3372970122800E0073C /* Main.storyboard */,
				F4D1B33A2970122900E0073C /* Assets.xcassets */,
				F4D1B33C2970122900E0073C /* LaunchScreen.storyboard */,
				F4D1B33F2970122900E0073C /* Info.plist */,
				F4D1B3482970127D00E0073C /* NewsTableViewCell.swift */,
				F4D1B34A2970129A00E0073C /* NewsTableViewController.swift */,
				F4D1B34C2970134400E0073C /* FeedParser.swift */,
			);
			path = "Chapter 26";
			sourceTree = "<group>";
		};
		F4D1B3452970123B00E0073C /* Extension */ = {
			isa = PBXGroup;
			children = (
				F4D1B3462970124900E0073C /* UIFont+Ext.swift */,
			);
			path = Extension;
			sourceTree = "<group>";
		};
/* End PBXGroup section */

/* Begin PBXNativeTarget section */
		F4D1B32D2970122800E0073C /* Chapter 26 */ = {
			isa = PBXNativeTarget;
			buildConfigurationList = F4D1B3422970122900E0073C /* Build configuration list for PBXNativeTarget "Chapter 26" */;
			buildPhases = (
				F4D1B32A2970122800E0073C /* Sources */,
				F4D1B32B2970122800E0073C /* Frameworks */,
				F4D1B32C2970122800E0073C /* Resources */,
			);
			buildRules = (
			);
			dependencies = (
			);
			name = "Chapter 26";
			productName = SimpleRSSReader;
			productReference = F4D1B32E2970122800E0073C /* Chapter 26.app */;
			productType = "com.apple.product-type.application";
		};
/* End PBXNativeTarget section */

/* Begin PBXProject section */
		F4D1B3262970122800E0073C /* Project object */ = {
			isa = PBXProject;
			attributes = {
				BuildIndependentTargetsInParallel = 1;
				LastSwiftUpdateCheck = 1420;
				LastUpgradeCheck = 1530;
				TargetAttributes = {
					F4D1B32D2970122800E0073C = {
						CreatedOnToolsVersion = 14.2;
					};
				};
			};
			buildConfigurationList = F4D1B3292970122800E0073C /* Build configuration list for PBXProject "Chapter 26" */;
			compatibilityVersion = "Xcode 14.0";
			developmentRegion = en;
			hasScannedForEncodings = 0;
			knownRegions = (
				en,
				Base,
			);
			mainGroup = F4D1B3252970122800E0073C;
			productRefGroup = F4D1B32F2970122800E0073C /* Products */;
			projectDirPath = "";
			projectRoot = "";
			targets = (
				F4D1B32D2970122800E0073C /* Chapter 26 */,
			);
		};
/* End PBXProject section */

/* Begin PBXResourcesBuildPhase section */
		F4D1B32C2970122800E0073C /* Resources */ = {
			isa = PBXResourcesBuildPhase;
			buildActionMask = 2147483647;
			files = (
				F4D1B33E2970122900E0073C /* LaunchScreen.storyboard in Resources */,
				F4D1B33B2970122900E0073C /* Assets.xcassets in Resources */,
				F4D1B3392970122800E0073C /* Main.storyboard in Resources */,
			);
			runOnlyForDeploymentPostprocessing = 0;
		};
/* End PBXResourcesBuildPhase section */

/* Begin PBXSourcesBuildPhase section */
		F4D1B32A2970122800E0073C /* Sources */ = {
			isa = PBXSourcesBuildPhase;
			buildActionMask = 2147483647;
			files = (
				F4D1B3472970124900E0073C /* UIFont+Ext.swift in Sources */,
				F4D1B3362970122800E0073C /* ViewController.swift in Sources */,
				F4D1B34B2970129A00E0073C /* NewsTableViewController.swift in Sources */,
				F4D1B34D2970134400E0073C /* FeedParser.swift in Sources */,
				F4D1B3492970127D00E0073C /* NewsTableViewCell.swift in Sources */,
				F4D1B3322970122800E0073C /* AppDelegate.swift in Sources */,
				F4D1B3342970122800E0073C /* SceneDelegate.swift in Sources */,
			);
			runOnlyForDeploymentPostprocessing = 0;
		};
/* End PBXSourcesBuildPhase section */

/* Begin PBXVariantGroup section */
		F4D1B3372970122800E0073C /* Main.storyboard */ = {
			isa = PBXVariantGroup;
			children = (
				F4D1B3382970122800E0073C /* Base */,
			);
			name = Main.storyboard;
			sourceTree = "<group>";
		};
		F4D1B33C2970122900E0073C /* LaunchScreen.storyboard */ = {
			isa = PBXVariantGroup;
			children = (
				F4D1B33D2970122900E0073C /* Base */,
			);
			name = LaunchScreen.storyboard;
			sourceTree = "<group>";
		};
/* End PBXVariantGroup section */

/* Begin XCBuildConfiguration section */
		F4D1B3402970122900E0073C /* Debug */ = {
			isa = XCBuildConfiguration;
			buildSettings = {
				ALWAYS_SEARCH_USER_PATHS = NO;
				CLANG_ANALYZER_NONNULL = YES;
				CLANG_ANALYZER_NUMBER_OBJECT_CONVERSION = YES_AGGRESSIVE;
				CLANG_CXX_LANGUAGE_STANDARD = "gnu++20";
				CLANG_ENABLE_MODULES = YES;
				CLANG_ENABLE_OBJC_ARC = YES;
				CLANG_ENABLE_OBJC_WEAK = YES;
				CLANG_WARN_BLOCK_CAPTURE_AUTORELEASING = YES;
				CLANG_WARN_BOOL_CONVERSION = YES;
				CLANG_WARN_COMMA = YES;
				CLANG_WARN_CONSTANT_CONVERSION = YES;
				CLANG_WARN_DEPRECATED_OBJC_IMPLEMENTATIONS = YES;
				CLANG_WARN_DIRECT_OBJC_ISA_USAGE = YES_ERROR;
				CLANG_WARN_DOCUMENTATION_COMMENTS = YES;
				CLANG_WARN_EMPTY_BODY = YES;
				CLANG_WARN_ENUM_CONVERSION = YES;
				CLANG_WARN_INFINITE_RECURSION = YES;
				CLANG_WARN_INT_CONVERSION = YES;
				CLANG_WARN_NON_LITERAL_NULL_CONVERSION = YES;
				CLANG_WARN_OBJC_IMPLICIT_RETAIN_SELF = YES;
				CLANG_WARN_OBJC_LITERAL_CONVERSION = YES;
				CLANG_WARN_OBJC_ROOT_CLASS = YES_ERROR;
				CLANG_WARN_QUOTED_INCLUDE_IN_FRAMEWORK_HEADER = YES;
				CLANG_WARN_RANGE_LOOP_ANALYSIS = YES;
				CLANG_WARN_STRICT_PROTOTYPES = YES;
				CLANG_WARN_SUSPICIOUS_MOVE = YES;
				CLANG_WARN_UNGUARDED_AVAILABILITY = YES_AGGRESSIVE;
				CLANG_WARN_UNREACHABLE_CODE = YES;
				CLANG_WARN__DUPLICATE_METHOD_MATCH = YES;
				COPY_PHASE_STRIP = NO;
				DEBUG_INFORMATION_FORMAT = dwarf;
				ENABLE_STRICT_OBJC_MSGSEND = YES;
				ENABLE_TESTABILITY = YES;
				ENABLE_USER_SCRIPT_SANDBOXING = YES;
				GCC_C_LANGUAGE_STANDARD = gnu11;
				GCC_DYNAMIC_NO_PIC = NO;
				GCC_NO_COMMON_BLOCKS = YES;
				GCC_OPTIMIZATION_LEVEL = 0;
				GCC_PREPROCESSOR_DEFINITIONS = (
					"DEBUG=1",
					"$(inherited)",
				);
				GCC_WARN_64_TO_32_BIT_CONVERSION = YES;
				GCC_WARN_ABOUT_RETURN_TYPE = YES_ERROR;
				GCC_WARN_UNDECLARED_SELECTOR = YES;
				GCC_WARN_UNINITIALIZED_AUTOS = YES_AGGRESSIVE;
				GCC_WARN_UNUSED_FUNCTION = YES;
				GCC_WARN_UNUSED_VARIABLE = YES;
				IPHONEOS_DEPLOYMENT_TARGET = 16.2;
				MTL_ENABLE_DEBUG_INFO = INCLUDE_SOURCE;
				MTL_FAST_MATH = YES;
				ONLY_ACTIVE_ARCH = YES;
				SDKROOT = iphoneos;
				SWIFT_ACTIVE_COMPILATION_CONDITIONS = DEBUG;
				SWIFT_OPTIMIZATION_LEVEL = "-Onone";
			};
			name = Debug;
		};
		F4D1B3412970122900E0073C /* Release */ = {
			isa = XCBuildConfiguration;
			buildSettings = {
				ALWAYS_SEARCH_USER_PATHS = NO;
				CLANG_ANALYZER_NONNULL = YES;
				CLANG_ANALYZER_NUMBER_OBJECT_CONVERSION = YES_AGGRESSIVE;
				CLANG_CXX_LANGUAGE_STANDARD = "gnu++20";
				CLANG_ENABLE_MODULES = YES;
				CLANG_ENABLE_OBJC_ARC = YES;
				CLANG_ENABLE_OBJC_WEAK = YES;
				CLANG_WARN_BLOCK_CAPTURE_AUTORELEASING = YES;
				CLANG_WARN_BOOL_CONVERSION = YES;
				CLANG_WARN_COMMA = YES;
				CLANG_WARN_CONSTANT_CONVERSION = YES;
				CLANG_WARN_DEPRECATED_OBJC_IMPLEMENTATIONS = YES;
				CLANG_WARN_DIRECT_OBJC_ISA_USAGE = YES_ERROR;
				CLANG_WARN_DOCUMENTATION_COMMENTS = YES;
				CLANG_WARN_EMPTY_BODY = YES;
				CLANG_WARN_ENUM_CONVERSION = YES;
				CLANG_WARN_INFINITE_RECURSION = YES;
				CLANG_WARN_INT_CONVERSION = YES;
				CLANG_WARN_NON_LITERAL_NULL_CONVERSION = YES;
				CLANG_WARN_OBJC_IMPLICIT_RETAIN_SELF = YES;
				CLANG_WARN_OBJC_LITERAL_CONVERSION = YES;
				CLANG_WARN_OBJC_ROOT_CLASS = YES_ERROR;
				CLANG_WARN_QUOTED_INCLUDE_IN_FRAMEWORK_HEADER = YES;
				CLANG_WARN_RANGE_LOOP_ANALYSIS = YES;
				CLANG_WARN_STRICT_PROTOTYPES = YES;
				CLANG_WARN_SUSPICIOUS_MOVE = YES;
				CLANG_WARN_UNGUARDED_AVAILABILITY = YES_AGGRESSIVE;
				CLANG_WARN_UNREACHABLE_CODE = YES;
				CLANG_WARN__DUPLICATE_METHOD_MATCH = YES;
				COPY_PHASE_STRIP = NO;
				DEBUG_INFORMATION_FORMAT = "dwarf-with-dsym";
				ENABLE_NS_ASSERTIONS = NO;
				ENABLE_STRICT_OBJC_MSGSEND = YES;
				ENABLE_USER_SCRIPT_SANDBOXING = YES;
				GCC_C_LANGUAGE_STANDARD = gnu11;
				GCC_NO_COMMON_BLOCKS = YES;
				GCC_WARN_64_TO_32_BIT_CONVERSION = YES;
				GCC_WARN_ABOUT_RETURN_TYPE = YES_ERROR;
				GCC_WARN_UNDECLARED_SELECTOR = YES;
				GCC_WARN_UNINITIALIZED_AUTOS = YES_AGGRESSIVE;
				GCC_WARN_UNUSED_FUNCTION = YES;
				GCC_WARN_UNUSED_VARIABLE = YES;
				IPHONEOS_DEPLOYMENT_TARGET = 16.2;
				MTL_ENABLE_DEBUG_INFO = NO;
				MTL_FAST_MATH = YES;
				SDKROOT = iphoneos;
				SWIFT_COMPILATION_MODE = wholemodule;
				SWIFT_OPTIMIZATION_LEVEL = "-O";
				VALIDATE_PRODUCT = YES;
			};
			name = Release;
		};
		F4D1B3432970122900E0073C /* Debug */ = {
			isa = XCBuildConfiguration;
			buildSettings = {
				ASSETCATALOG_COMPILER_APPICON_NAME = AppIcon;
				ASSETCATALOG_COMPILER_GLOBAL_ACCENT_COLOR_NAME = AccentColor;
				CODE_SIGN_STYLE = Automatic;
				CURRENT_PROJECT_VERSION = 1;
				GENERATE_INFOPLIST_FILE = YES;
				INFOPLIST_FILE = "Chapter 26/Info.plist";
				INFOPLIST_KEY_UIApplicationSupportsIndirectInputEvents = YES;
				INFOPLIST_KEY_UILaunchStoryboardName = LaunchScreen;
				INFOPLIST_KEY_UIMainStoryboardFile = Main;
				INFOPLIST_KEY_UISupportedInterfaceOrientations_iPad = "UIInterfaceOrientationPortrait UIInterfaceOrientationPortraitUpsideDown UIInterfaceOrientationLandscapeLeft UIInterfaceOrientationLandscapeRight";
				INFOPLIST_KEY_UISupportedInterfaceOrientations_iPhone = "UIInterfaceOrientationPortrait UIInterfaceOrientationLandscapeLeft UIInterfaceOrientationLandscapeRight";
				LD_RUNPATH_SEARCH_PATHS = (
					"$(inherited)",
					"@executable_path/Frameworks",
				);
				MARKETING_VERSION = 1.0;
				PRODUCT_BUNDLE_IDENTIFIER = "com.mrgsdev.Chapter-26";
				PRODUCT_NAME = "$(TARGET_NAME)";
				SWIFT_EMIT_LOC_STRINGS = YES;
				SWIFT_VERSION = 5.0;
				TARGETED_DEVICE_FAMILY = "1,2";
			};
			name = Debug;
		};
		F4D1B3442970122900E0073C /* Release */ = {
			isa = XCBuildConfiguration;
			buildSettings = {
				ASSETCATALOG_COMPILER_APPICON_NAME = AppIcon;
				ASSETCATALOG_COMPILER_GLOBAL_ACCENT_COLOR_NAME = AccentColor;
				CODE_SIGN_STYLE = Automatic;
				CURRENT_PROJECT_VERSION = 1;
				GENERATE_INFOPLIST_FILE = YES;
				INFOPLIST_FILE = "Chapter 26/Info.plist";
				INFOPLIST_KEY_UIApplicationSupportsIndirectInputEvents = YES;
				INFOPLIST_KEY_UILaunchStoryboardName = LaunchScreen;
				INFOPLIST_KEY_UIMainStoryboardFile = Main;
				INFOPLIST_KEY_UISupportedInterfaceOrientations_iPad = "UIInterfaceOrientationPortrait UIInterfaceOrientationPortraitUpsideDown UIInterfaceOrientationLandscapeLeft UIInterfaceOrientationLandscapeRight";
				INFOPLIST_KEY_UISupportedInterfaceOrientations_iPhone = "UIInterfaceOrientationPortrait UIInterfaceOrientationLandscapeLeft UIInterfaceOrientationLandscapeRight";
				LD_RUNPATH_SEARCH_PATHS = (
					"$(inherited)",
					"@executable_path/Frameworks",
				);
				MARKETING_VERSION = 1.0;
				PRODUCT_BUNDLE_IDENTIFIER = "com.mrgsdev.Chapter-26";
				PRODUCT_NAME = "$(TARGET_NAME)";
				SWIFT_EMIT_LOC_STRINGS = YES;
				SWIFT_VERSION = 5.0;
				TARGETED_DEVICE_FAMILY = "1,2";
			};
			name = Release;
		};
/* End XCBuildConfiguration section */

/* Begin XCConfigurationList section */
		F4D1B3292970122800E0073C /* Build configuration list for PBXProject "Chapter 26" */ = {
			isa = XCConfigurationList;
			buildConfigurations = (
				F4D1B3402970122900E0073C /* Debug */,
				F4D1B3412970122900E0073C /* Release */,
			);
			defaultConfigurationIsVisible = 0;
			defaultConfigurationName = Release;
		};
		F4D1B3422970122900E0073C /* Build configuration list for PBXNativeTarget "Chapter 26" */ = {
			isa = XCConfigurationList;
			buildConfigurations = (
				F4D1B3432970122900E0073C /* Debug */,
				F4D1B3442970122900E0073C /* Release */,
			);
			defaultConfigurationIsVisible = 0;
			defaultConfigurationName = Release;
		};
/* End XCConfigurationList section */
	};
	rootObject = F4D1B3262970122800E0073C /* Project object */;
}
