// !$*UTF8*$!
{
	archiveVersion = 1;
	classes = {
	};
	objectVersion = 56;
	objects = {

/* Begin PBXBuildFile section */
		4253BF9B2BDCDE7600AA2B7A /* AppDelegate.swift in Sources */ = {isa = PBXBuildFile; fileRef = 4253BF9A2BDCDE7600AA2B7A /* AppDelegate.swift */; };
		4253BF9D2BDCDE7600AA2B7A /* SceneDelegate.swift in Sources */ = {isa = PBXBuildFile; fileRef = 4253BF9C2BDCDE7600AA2B7A /* SceneDelegate.swift */; };
		4253BF9F2BDCDE7600AA2B7A /* RecordProController.swift in Sources */ = {isa = PBXBuildFile; fileRef = 4253BF9E2BDCDE7600AA2B7A /* RecordProController.swift */; };
		4253BFA22BDCDE7600AA2B7A /* Base in Resources */ = {isa = PBXBuildFile; fileRef = 4253BFA12BDCDE7600AA2B7A /* Base */; };
		4253BFA42BDCDE7600AA2B7A /* Assets.xcassets in Resources */ = {isa = PBXBuildFile; fileRef = 4253BFA32BDCDE7600AA2B7A /* Assets.xcassets */; };
		4253BFA72BDCDE7600AA2B7A /* Base in Resources */ = {isa = PBXBuildFile; fileRef = 4253BFA62BDCDE7600AA2B7A /* Base */; };
/* End PBXBuildFile section */

/* Begin PBXFileReference section */
		4253BF972BDCDE7600AA2B7A /* Chapter 10.app */ = {isa = PBXFileReference; explicitFileType = wrapper.application; includeInIndex = 0; path = "Chapter 10.app"; sourceTree = BUILT_PRODUCTS_DIR; };
		4253BF9A2BDCDE7600AA2B7A /* AppDelegate.swift */ = {isa = PBXFileReference; lastKnownFileType = sourcecode.swift; path = AppDelegate.swift; sourceTree = "<group>"; };
		4253BF9C2BDCDE7600AA2B7A /* SceneDelegate.swift */ = {isa = PBXFileReference; lastKnownFileType = sourcecode.swift; path = SceneDelegate.swift; sourceTree = "<group>"; };
		4253BF9E2BDCDE7600AA2B7A /* RecordProController.swift */ = {isa = PBXFileReference; lastKnownFileType = sourcecode.swift; path = RecordProController.swift; sourceTree = "<group>"; };
		4253BFA12BDCDE7600AA2B7A /* Base */ = {isa = PBXFileReference; lastKnownFileType = file.storyboard; name = Base; path = Base.lproj/Main.storyboard; sourceTree = "<group>"; };
		4253BFA32BDCDE7600AA2B7A /* Assets.xcassets */ = {isa = PBXFileReference; lastKnownFileType = folder.assetcatalog; path = Assets.xcassets; sourceTree = "<group>"; };
		4253BFA62BDCDE7600AA2B7A /* Base */ = {isa = PBXFileReference; lastKnownFileType = file.storyboard; name = Base; path = Base.lproj/LaunchScreen.storyboard; sourceTree = "<group>"; };
		4253BFA82BDCDE7600AA2B7A /* Info.plist */ = {isa = PBXFileReference; lastKnownFileType = text.plist.xml; path = Info.plist; sourceTree = "<group>"; };
/* End PBXFileReference section */

/* Begin PBXFrameworksBuildPhase section */
		4253BF942BDCDE7600AA2B7A /* Frameworks */ = {
			isa = PBXFrameworksBuildPhase;
			buildActionMask = 2147483647;
			files = (
			);
			runOnlyForDeploymentPostprocessing = 0;
		};
/* End PBXFrameworksBuildPhase section */

/* Begin PBXGroup section */
		4253BF8E2BDCDE7600AA2B7A = {
			isa = PBXGroup;
			children = (
				4253BF992BDCDE7600AA2B7A /* Chapter 10 */,
				4253BF982BDCDE7600AA2B7A /* Products */,
			);
			sourceTree = "<group>";
		};
		4253BF982BDCDE7600AA2B7A /* Products */ = {
			isa = PBXGroup;
			children = (
				4253BF972BDCDE7600AA2B7A /* Chapter 10.app */,
			);
			name = Products;
			sourceTree = "<group>";
		};
		4253BF992BDCDE7600AA2B7A /* Chapter 10 */ = {
			isa = PBXGroup;
			children = (
				4253BF9A2BDCDE7600AA2B7A /* AppDelegate.swift */,
				4253BF9C2BDCDE7600AA2B7A /* SceneDelegate.swift */,
				4253BF9E2BDCDE7600AA2B7A /* RecordProController.swift */,
				4253BFA02BDCDE7600AA2B7A /* Main.storyboard */,
				4253BFA32BDCDE7600AA2B7A /* Assets.xcassets */,
				4253BFA52BDCDE7600AA2B7A /* LaunchScreen.storyboard */,
				4253BFA82BDCDE7600AA2B7A /* Info.plist */,
			);
			path = "Chapter 10";
			sourceTree = "<group>";
		};
/* End PBXGroup section */

/* Begin PBXNativeTarget section */
		4253BF962BDCDE7600AA2B7A /* Chapter 10 */ = {
			isa = PBXNativeTarget;
			buildConfigurationList = 4253BFAB2BDCDE7600AA2B7A /* Build configuration list for PBXNativeTarget "Chapter 10" */;
			buildPhases = (
				4253BF932BDCDE7600AA2B7A /* Sources */,
				4253BF942BDCDE7600AA2B7A /* Frameworks */,
				4253BF952BDCDE7600AA2B7A /* Resources */,
			);
			buildRules = (
			);
			dependencies = (
			);
			name = "Chapter 10";
			productName = "Chapter 10";
			productReference = 4253BF972BDCDE7600AA2B7A /* Chapter 10.app */;
			productType = "com.apple.product-type.application";
		};
/* End PBXNativeTarget section */

/* Begin PBXProject section */
		4253BF8F2BDCDE7600AA2B7A /* Project object */ = {
			isa = PBXProject;
			attributes = {
				BuildIndependentTargetsInParallel = 1;
				LastSwiftUpdateCheck = 1530;
				LastUpgradeCheck = 1530;
				TargetAttributes = {
					4253BF962BDCDE7600AA2B7A = {
						CreatedOnToolsVersion = 15.3;
					};
				};
			};
			buildConfigurationList = 4253BF922BDCDE7600AA2B7A /* Build configuration list for PBXProject "Chapter 10" */;
			compatibilityVersion = "Xcode 14.0";
			developmentRegion = en;
			hasScannedForEncodings = 0;
			knownRegions = (
				en,
				Base,
			);
			mainGroup = 4253BF8E2BDCDE7600AA2B7A;
			productRefGroup = 4253BF982BDCDE7600AA2B7A /* Products */;
			projectDirPath = "";
			projectRoot = "";
			targets = (
				4253BF962BDCDE7600AA2B7A /* Chapter 10 */,
			);
		};
/* End PBXProject section */

/* Begin PBXResourcesBuildPhase section */
		4253BF952BDCDE7600AA2B7A /* Resources */ = {
			isa = PBXResourcesBuildPhase;
			buildActionMask = 2147483647;
			files = (
				4253BFA42BDCDE7600AA2B7A /* Assets.xcassets in Resources */,
				4253BFA72BDCDE7600AA2B7A /* Base in Resources */,
				4253BFA22BDCDE7600AA2B7A /* Base in Resources */,
			);
			runOnlyForDeploymentPostprocessing = 0;
		};
/* End PBXResourcesBuildPhase section */

/* Begin PBXSourcesBuildPhase section */
		4253BF932BDCDE7600AA2B7A /* Sources */ = {
			isa = PBXSourcesBuildPhase;
			buildActionMask = 2147483647;
			files = (
				4253BF9F2BDCDE7600AA2B7A /* RecordProController.swift in Sources */,
				4253BF9B2BDCDE7600AA2B7A /* AppDelegate.swift in Sources */,
				4253BF9D2BDCDE7600AA2B7A /* SceneDelegate.swift in Sources */,
			);
			runOnlyForDeploymentPostprocessing = 0;
		};
/* End PBXSourcesBuildPhase section */

/* Begin PBXVariantGroup section */
		4253BFA02BDCDE7600AA2B7A /* Main.storyboard */ = {
			isa = PBXVariantGroup;
			children = (
				4253BFA12BDCDE7600AA2B7A /* Base */,
			);
			name = Main.storyboard;
			sourceTree = "<group>";
		};
		4253BFA52BDCDE7600AA2B7A /* LaunchScreen.storyboard */ = {
			isa = PBXVariantGroup;
			children = (
				4253BFA62BDCDE7600AA2B7A /* Base */,
			);
			name = LaunchScreen.storyboard;
			sourceTree = "<group>";
		};
/* End PBXVariantGroup section */

/* Begin XCBuildConfiguration section */
		4253BFA92BDCDE7600AA2B7A /* Debug */ = {
			isa = XCBuildConfiguration;
			buildSettings = {
				ALWAYS_SEARCH_USER_PATHS = NO;
				ASSETCATALOG_COMPILER_GENERATE_SWIFT_ASSET_SYMBOL_EXTENSIONS = YES;
				CLANG_ANALYZER_NONNULL = YES;
				CLANG_ANALYZER_NUMBER_OBJECT_CONVERSION = YES_AGGRESSIVE;
				CLANG_CXX_LANGUAGE_STANDARD = "gnu++20";
				CLANG_ENABLE_MODULES = YES;
				CLANG_ENABLE_OBJC_ARC = YES;
				CLANG_ENABLE_OBJC_WEAK = YES;
				CLANG_WARN_BLOCK_CAPTURE_AUTORELEASING = YES;
				CLANG_WARN_BOOL_CONVERSION = YES;
				CLANG_WARN_COMMA = YES;
				CLANG_WARN_CONSTANT_CONVERSION = YES;
				CLANG_WARN_DEPRECATED_OBJC_IMPLEMENTATIONS = YES;
				CLANG_WARN_DIRECT_OBJC_ISA_USAGE = YES_ERROR;
				CLANG_WARN_DOCUMENTATION_COMMENTS = YES;
				CLANG_WARN_EMPTY_BODY = YES;
				CLANG_WARN_ENUM_CONVERSION = YES;
				CLANG_WARN_INFINITE_RECURSION = YES;
				CLANG_WARN_INT_CONVERSION = YES;
				CLANG_WARN_NON_LITERAL_NULL_CONVERSION = YES;
				CLANG_WARN_OBJC_IMPLICIT_RETAIN_SELF = YES;
				CLANG_WARN_OBJC_LITERAL_CONVERSION = YES;
				CLANG_WARN_OBJC_ROOT_CLASS = YES_ERROR;
				CLANG_WARN_QUOTED_INCLUDE_IN_FRAMEWORK_HEADER = YES;
				CLANG_WARN_RANGE_LOOP_ANALYSIS = YES;
				CLANG_WARN_STRICT_PROTOTYPES = YES;
				CLANG_WARN_SUSPICIOUS_MOVE = YES;
				CLANG_WARN_UNGUARDED_AVAILABILITY = YES_AGGRESSIVE;
				CLANG_WARN_UNREACHABLE_CODE = YES;
				CLANG_WARN__DUPLICATE_METHOD_MATCH = YES;
				COPY_PHASE_STRIP = NO;
				DEBUG_INFORMATION_FORMAT = dwarf;
				ENABLE_STRICT_OBJC_MSGSEND = YES;
				ENABLE_TESTABILITY = YES;
				ENABLE_USER_SCRIPT_SANDBOXING = YES;
				GCC_C_LANGUAGE_STANDARD = gnu17;
				GCC_DYNAMIC_NO_PIC = NO;
				GCC_NO_COMMON_BLOCKS = YES;
				GCC_OPTIMIZATION_LEVEL = 0;
				GCC_PREPROCESSOR_DEFINITIONS = (
					"DEBUG=1",
					"$(inherited)",
				);
				GCC_WARN_64_TO_32_BIT_CONVERSION = YES;
				GCC_WARN_ABOUT_RETURN_TYPE = YES_ERROR;
				GCC_WARN_UNDECLARED_SELECTOR = YES;
				GCC_WARN_UNINITIALIZED_AUTOS = YES_AGGRESSIVE;
				GCC_WARN_UNUSED_FUNCTION = YES;
				GCC_WARN_UNUSED_VARIABLE = YES;
				IPHONEOS_DEPLOYMENT_TARGET = 17.4;
				LOCALIZATION_PREFERS_STRING_CATALOGS = YES;
				MTL_ENABLE_DEBUG_INFO = INCLUDE_SOURCE;
				MTL_FAST_MATH = YES;
				ONLY_ACTIVE_ARCH = YES;
				SDKROOT = iphoneos;
				SWIFT_ACTIVE_COMPILATION_CONDITIONS = "DEBUG $(inherited)";
				SWIFT_OPTIMIZATION_LEVEL = "-Onone";
			};
			name = Debug;
		};
		4253BFAA2BDCDE7600AA2B7A /* Release */ = {
			isa = XCBuildConfiguration;
			buildSettings = {
				ALWAYS_SEARCH_USER_PATHS = NO;
				ASSETCATALOG_COMPILER_GENERATE_SWIFT_ASSET_SYMBOL_EXTENSIONS = YES;
				CLANG_ANALYZER_NONNULL = YES;
				CLANG_ANALYZER_NUMBER_OBJECT_CONVERSION = YES_AGGRESSIVE;
				CLANG_CXX_LANGUAGE_STANDARD = "gnu++20";
				CLANG_ENABLE_MODULES = YES;
				CLANG_ENABLE_OBJC_ARC = YES;
				CLANG_ENABLE_OBJC_WEAK = YES;
				CLANG_WARN_BLOCK_CAPTURE_AUTORELEASING = YES;
				CLANG_WARN_BOOL_CONVERSION = YES;
				CLANG_WARN_COMMA = YES;
				CLANG_WARN_CONSTANT_CONVERSION = YES;
				CLANG_WARN_DEPRECATED_OBJC_IMPLEMENTATIONS = YES;
				CLANG_WARN_DIRECT_OBJC_ISA_USAGE = YES_ERROR;
				CLANG_WARN_DOCUMENTATION_COMMENTS = YES;
				CLANG_WARN_EMPTY_BODY = YES;
				CLANG_WARN_ENUM_CONVERSION = YES;
				CLANG_WARN_INFINITE_RECURSION = YES;
				CLANG_WARN_INT_CONVERSION = YES;
				CLANG_WARN_NON_LITERAL_NULL_CONVERSION = YES;
				CLANG_WARN_OBJC_IMPLICIT_RETAIN_SELF = YES;
				CLANG_WARN_OBJC_LITERAL_CONVERSION = YES;
				CLANG_WARN_OBJC_ROOT_CLASS = YES_ERROR;
				CLANG_WARN_QUOTED_INCLUDE_IN_FRAMEWORK_HEADER = YES;
				CLANG_WARN_RANGE_LOOP_ANALYSIS = YES;
				CLANG_WARN_STRICT_PROTOTYPES = YES;
				CLANG_WARN_SUSPICIOUS_MOVE = YES;
				CLANG_WARN_UNGUARDED_AVAILABILITY = YES_AGGRESSIVE;
				CLANG_WARN_UNREACHABLE_CODE = YES;
				CLANG_WARN__DUPLICATE_METHOD_MATCH = YES;
				COPY_PHASE_STRIP = NO;
				DEBUG_INFORMATION_FORMAT = "dwarf-with-dsym";
				ENABLE_NS_ASSERTIONS = NO;
				ENABLE_STRICT_OBJC_MSGSEND = YES;
				ENABLE_USER_SCRIPT_SANDBOXING = YES;
				GCC_C_LANGUAGE_STANDARD = gnu17;
				GCC_NO_COMMON_BLOCKS = YES;
				GCC_WARN_64_TO_32_BIT_CONVERSION = YES;
				GCC_WARN_ABOUT_RETURN_TYPE = YES_ERROR;
				GCC_WARN_UNDECLARED_SELECTOR = YES;
				GCC_WARN_UNINITIALIZED_AUTOS = YES_AGGRESSIVE;
				GCC_WARN_UNUSED_FUNCTION = YES;
				GCC_WARN_UNUSED_VARIABLE = YES;
				IPHONEOS_DEPLOYMENT_TARGET = 17.4;
				LOCALIZATION_PREFERS_STRING_CATALOGS = YES;
				MTL_ENABLE_DEBUG_INFO = NO;
				MTL_FAST_MATH = YES;
				SDKROOT = iphoneos;
				SWIFT_COMPILATION_MODE = wholemodule;
				VALIDATE_PRODUCT = YES;
			};
			name = Release;
		};
		4253BFAC2BDCDE7600AA2B7A /* Debug */ = {
			isa = XCBuildConfiguration;
			buildSettings = {
				ASSETCATALOG_COMPILER_APPICON_NAME = AppIcon;
				ASSETCATALOG_COMPILER_GLOBAL_ACCENT_COLOR_NAME = AccentColor;
				CODE_SIGN_STYLE = Automatic;
				CURRENT_PROJECT_VERSION = 1;
				DEVELOPMENT_TEAM = Y2Y34S7QM3;
				GENERATE_INFOPLIST_FILE = YES;
				INFOPLIST_FILE = "Chapter 10/Info.plist";
				INFOPLIST_KEY_UIApplicationSupportsIndirectInputEvents = YES;
				INFOPLIST_KEY_UILaunchStoryboardName = LaunchScreen;
				INFOPLIST_KEY_UIMainStoryboardFile = Main;
				INFOPLIST_KEY_UISupportedInterfaceOrientations_iPad = "UIInterfaceOrientationPortrait UIInterfaceOrientationPortraitUpsideDown UIInterfaceOrientationLandscapeLeft UIInterfaceOrientationLandscapeRight";
				INFOPLIST_KEY_UISupportedInterfaceOrientations_iPhone = "UIInterfaceOrientationPortrait UIInterfaceOrientationLandscapeLeft UIInterfaceOrientationLandscapeRight";
				LD_RUNPATH_SEARCH_PATHS = (
					"$(inherited)",
					"@executable_path/Frameworks",
				);
				MARKETING_VERSION = 1.0;
				PRODUCT_BUNDLE_IDENTIFIER = "com.mrgsdev.Chapter-10";
				PRODUCT_NAME = "$(TARGET_NAME)";
				SWIFT_EMIT_LOC_STRINGS = YES;
				SWIFT_VERSION = 5.0;
				TARGETED_DEVICE_FAMILY = "1,2";
			};
			name = Debug;
		};
		4253BFAD2BDCDE7600AA2B7A /* Release */ = {
			isa = XCBuildConfiguration;
			buildSettings = {
				ASSETCATALOG_COMPILER_APPICON_NAME = AppIcon;
				ASSETCATALOG_COMPILER_GLOBAL_ACCENT_COLOR_NAME = AccentColor;
				CODE_SIGN_STYLE = Automatic;
				CURRENT_PROJECT_VERSION = 1;
				DEVELOPMENT_TEAM = Y2Y34S7QM3;
				GENERATE_INFOPLIST_FILE = YES;
				INFOPLIST_FILE = "Chapter 10/Info.plist";
				INFOPLIST_KEY_UIApplicationSupportsIndirectInputEvents = YES;
				INFOPLIST_KEY_UILaunchStoryboardName = LaunchScreen;
				INFOPLIST_KEY_UIMainStoryboardFile = Main;
				INFOPLIST_KEY_UISupportedInterfaceOrientations_iPad = "UIInterfaceOrientationPortrait UIInterfaceOrientationPortraitUpsideDown UIInterfaceOrientationLandscapeLeft UIInterfaceOrientationLandscapeRight";
				INFOPLIST_KEY_UISupportedInterfaceOrientations_iPhone = "UIInterfaceOrientationPortrait UIInterfaceOrientationLandscapeLeft UIInterfaceOrientationLandscapeRight";
				LD_RUNPATH_SEARCH_PATHS = (
					"$(inherited)",
					"@executable_path/Frameworks",
				);
				MARKETING_VERSION = 1.0;
				PRODUCT_BUNDLE_IDENTIFIER = "com.mrgsdev.Chapter-10";
				PRODUCT_NAME = "$(TARGET_NAME)";
				SWIFT_EMIT_LOC_STRINGS = YES;
				SWIFT_VERSION = 5.0;
				TARGETED_DEVICE_FAMILY = "1,2";
			};
			name = Release;
		};
/* End XCBuildConfiguration section */

/* Begin XCConfigurationList section */
		4253BF922BDCDE7600AA2B7A /* Build configuration list for PBXProject "Chapter 10" */ = {
			isa = XCConfigurationList;
			buildConfigurations = (
				4253BFA92BDCDE7600AA2B7A /* Debug */,
				4253BFAA2BDCDE7600AA2B7A /* Release */,
			);
			defaultConfigurationIsVisible = 0;
			defaultConfigurationName = Release;
		};
		4253BFAB2BDCDE7600AA2B7A /* Build configuration list for PBXNativeTarget "Chapter 10" */ = {
			isa = XCConfigurationList;
			buildConfigurations = (
				4253BFAC2BDCDE7600AA2B7A /* Debug */,
				4253BFAD2BDCDE7600AA2B7A /* Release */,
			);
			defaultConfigurationIsVisible = 0;
			defaultConfigurationName = Release;
		};
/* End XCConfigurationList section */
	};
	rootObject = 4253BF8F2BDCDE7600AA2B7A /* Project object */;
}
